// !$*UTF8*$!
{
	archiveVersion = 1;
	classes = {
	};
	objectVersion = 46;
	objects = {

/* Begin PBXBuildFile section */
		52CABCAF1DB926660089ADB1 /* AppDelegate.swift in Sources */ = {isa = PBXBuildFile; fileRef = 52CABCAE1DB926660089ADB1 /* AppDelegate.swift */; };
		52CABCB11DB926660089ADB1 /* ViewController.swift in Sources */ = {isa = PBXBuildFile; fileRef = 52CABCB01DB926660089ADB1 /* ViewController.swift */; };
		52CABCB41DB926660089ADB1 /* Main.storyboard in Resources */ = {isa = PBXBuildFile; fileRef = 52CABCB21DB926660089ADB1 /* Main.storyboard */; };
		52CABCB61DB926660089ADB1 /* Assets.xcassets in Resources */ = {isa = PBXBuildFile; fileRef = 52CABCB51DB926660089ADB1 /* Assets.xcassets */; };
		52CABCB91DB926660089ADB1 /* LaunchScreen.storyboard in Resources */ = {isa = PBXBuildFile; fileRef = 52CABCB71DB926660089ADB1 /* LaunchScreen.storyboard */; };
/* End PBXBuildFile section */

/* Begin PBXFileReference section */
		52CABCAB1DB926660089ADB1 /* Alignment Programmatically.app */ = {isa = PBXFileReference; explicitFileType = wrapper.application; includeInIndex = 0; path = "Alignment Programmatically.app"; sourceTree = BUILT_PRODUCTS_DIR; };
		52CABCAE1DB926660089ADB1 /* AppDelegate.swift */ = {isa = PBXFileReference; lastKnownFileType = sourcecode.swift; path = AppDelegate.swift; sourceTree = "<group>"; };
		52CABCB01DB926660089ADB1 /* ViewController.swift */ = {isa = PBXFileReference; lastKnownFileType = sourcecode.swift; path = ViewController.swift; sourceTree = "<group>"; };
		52CABCB31DB926660089ADB1 /* Base */ = {isa = PBXFileReference; lastKnownFileType = file.storyboard; name = Base; path = Base.lproj/Main.storyboard; sourceTree = "<group>"; };
		52CABCB51DB926660089ADB1 /* Assets.xcassets */ = {isa = PBXFileReference; lastKnownFileType = folder.assetcatalog; path = Assets.xcassets; sourceTree = "<group>"; };
		52CABCB81DB926660089ADB1 /* Base */ = {isa = PBXFileReference; lastKnownFileType = file.storyboard; name = Base; path = Base.lproj/LaunchScreen.storyboard; sourceTree = "<group>"; };
		52CABCBA1DB926660089ADB1 /* Info.plist */ = {isa = PBXFileReference; lastKnownFileType = text.plist.xml; path = Info.plist; sourceTree = "<group>"; };
/* End PBXFileReference section */

/* Begin PBXFrameworksBuildPhase section */
		52CABCA81DB926660089ADB1 /* Frameworks */ = {
			isa = PBXFrameworksBuildPhase;
			buildActionMask = 2147483647;
			files = (
			);
			runOnlyForDeploymentPostprocessing = 0;
		};
/* End PBXFrameworksBuildPhase section */

/* Begin PBXGroup section */
		52CABCA21DB926660089ADB1 = {
			isa = PBXGroup;
			children = (
				52CABCAD1DB926660089ADB1 /* Alignment Programmatically */,
				52CABCAC1DB926660089ADB1 /* Products */,
			);
			sourceTree = "<group>";
		};
		52CABCAC1DB926660089ADB1 /* Products */ = {
			isa = PBXGroup;
			children = (
				52CABCAB1DB926660089ADB1 /* Alignment Programmatically.app */,
			);
			name = Products;
			sourceTree = "<group>";
		};
		52CABCAD1DB926660089ADB1 /* Alignment Programmatically */ = {
			isa = PBXGroup;
			children = (
				52CABCAE1DB926660089ADB1 /* AppDelegate.swift */,
				52CABCB01DB926660089ADB1 /* ViewController.swift */,
				52CABCB21DB926660089ADB1 /* Main.storyboard */,
				52CABCB51DB926660089ADB1 /* Assets.xcassets */,
				52CABCB71DB926660089ADB1 /* LaunchScreen.storyboard */,
				52CABCBA1DB926660089ADB1 /* Info.plist */,
			);
			path = "Alignment Programmatically";
			sourceTree = "<group>";
		};
/* End PBXGroup section */

/* Begin PBXNativeTarget section */
		52CABCAA1DB926660089ADB1 /* Alignment Programmatically */ = {
			isa = PBXNativeTarget;
			buildConfigurationList = 52CABCBD1DB926660089ADB1 /* Build configuration list for PBXNativeTarget "Alignment Programmatically" */;
			buildPhases = (
				52CABCA71DB926660089ADB1 /* Sources */,
				52CABCA81DB926660089ADB1 /* Frameworks */,
				52CABCA91DB926660089ADB1 /* Resources */,
			);
			buildRules = (
			);
			dependencies = (
			);
			name = "Alignment Programmatically";
			productName = "Alignment Programmatically";
			productReference = 52CABCAB1DB926660089ADB1 /* Alignment Programmatically.app */;
			productType = "com.apple.product-type.application";
		};
/* End PBXNativeTarget section */

/* Begin PBXProject section */
		52CABCA31DB926660089ADB1 /* Project object */ = {
			isa = PBXProject;
			attributes = {
				LastSwiftUpdateCheck = 0800;
				LastUpgradeCheck = 0800;
				ORGANIZATIONNAME = "MacBook Pro";
				TargetAttributes = {
					52CABCAA1DB926660089ADB1 = {
						CreatedOnToolsVersion = 8.0;
						ProvisioningStyle = Automatic;
					};
				};
			};
			buildConfigurationList = 52CABCA61DB926660089ADB1 /* Build configuration list for PBXProject "Alignment Programmatically" */;
			compatibilityVersion = "Xcode 3.2";
			developmentRegion = English;
			hasScannedForEncodings = 0;
			knownRegions = (
				en,
				Base,
			);
			mainGroup = 52CABCA21DB926660089ADB1;
			productRefGroup = 52CABCAC1DB926660089ADB1 /* Products */;
			projectDirPath = "";
			projectRoot = "";
			targets = (
				52CABCAA1DB926660089ADB1 /* Alignment Programmatically */,
			);
		};
/* End PBXProject section */

/* Begin PBXResourcesBuildPhase section */
		52CABCA91DB926660089ADB1 /* Resources */ = {
			isa = PBXResourcesBuildPhase;
			buildActionMask = 2147483647;
			files = (
				52CABCB91DB926660089ADB1 /* LaunchScreen.storyboard in Resources */,
				52CABCB61DB926660089ADB1 /* Assets.xcassets in Resources */,
				52CABCB41DB926660089ADB1 /* Main.storyboard in Resources */,
			);
			runOnlyForDeploymentPostprocessing = 0;
		};
/* End PBXResourcesBuildPhase section */

/* Begin PBXSourcesBuildPhase section */
		52CABCA71DB926660089ADB1 /* Sources */ = {
			isa = PBXSourcesBuildPhase;
			buildActionMask = 2147483647;
			files = (
				52CABCB11DB926660089ADB1 /* ViewController.swift in Sources */,
				52CABCAF1DB926660089ADB1 /* AppDelegate.swift in Sources */,
			);
			runOnlyForDeploymentPostprocessing = 0;
		};
/* End PBXSourcesBuildPhase section */

/* Begin PBXVariantGroup section */
		52CABCB21DB926660089ADB1 /* Main.storyboard */ = {
			isa = PBXVariantGroup;
			children = (
				52CABCB31DB926660089ADB1 /* Base */,
			);
			name = Main.storyboard;
			sourceTree = "<group>";
		};
		52CABCB71DB926660089ADB1 /* LaunchScreen.storyboard */ = {
			isa = PBXVariantGroup;
			children = (
				52CABCB81DB926660089ADB1 /* Base */,
			);
			name = LaunchScreen.storyboard;
			sourceTree = "<group>";
		};
/* End PBXVariantGroup section */

/* Begin XCBuildConfiguration section */
		52CABCBB1DB926660089ADB1 /* Debug */ = {
			isa = XCBuildConfiguration;
			buildSettings = {
				ALWAYS_SEARCH_USER_PATHS = NO;
				CLANG_ANALYZER_NONNULL = YES;
				CLANG_CXX_LANGUAGE_STANDARD = "gnu++0x";
				CLANG_CXX_LIBRARY = "libc++";
				CLANG_ENABLE_MODULES = YES;
				CLANG_ENABLE_OBJC_ARC = YES;
				CLANG_WARN_BOOL_CONVERSION = YES;
				CLANG_WARN_CONSTANT_CONVERSION = YES;
				CLANG_WARN_DIRECT_OBJC_ISA_USAGE = YES_ERROR;
				CLANG_WARN_DOCUMENTATION_COMMENTS = YES;
				CLANG_WARN_EMPTY_BODY = YES;
				CLANG_WARN_ENUM_CONVERSION = YES;
				CLANG_WARN_INFINITE_RECURSION = YES;
				CLANG_WARN_INT_CONVERSION = YES;
				CLANG_WARN_OBJC_ROOT_CLASS = YES_ERROR;
				CLANG_WARN_SUSPICIOUS_MOVES = YES;
				CLANG_WARN_UNREACHABLE_CODE = YES;
				CLANG_WARN__DUPLICATE_METHOD_MATCH = YES;
				"CODE_SIGN_IDENTITY[sdk=iphoneos*]" = "iPhone Developer";
				COPY_PHASE_STRIP = NO;
				DEBUG_INFORMATION_FORMAT = dwarf;
				ENABLE_STRICT_OBJC_MSGSEND = YES;
				ENABLE_TESTABILITY = YES;
				GCC_C_LANGUAGE_STANDARD = gnu99;
				GCC_DYNAMIC_NO_PIC = NO;
				GCC_NO_COMMON_BLOCKS = YES;
				GCC_OPTIMIZATION_LEVEL = 0;
				GCC_PREPROCESSOR_DEFINITIONS = (
					"DEBUG=1",
					"$(inherited)",
				);
				GCC_WARN_64_TO_32_BIT_CONVERSION = YES;
				GCC_WARN_ABOUT_RETURN_TYPE = YES_ERROR;
				GCC_WARN_UNDECLARED_SELECTOR = YES;
				GCC_WARN_UNINITIALIZED_AUTOS = YES_AGGRESSIVE;
				GCC_WARN_UNUSED_FUNCTION = YES;
				GCC_WARN_UNUSED_VARIABLE = YES;
				IPHONEOS_DEPLOYMENT_TARGET = 10.0;
				MTL_ENABLE_DEBUG_INFO = YES;
				ONLY_ACTIVE_ARCH = YES;
				SDKROOT = iphoneos;
				SWIFT_ACTIVE_COMPILATION_CONDITIONS = DEBUG;
				SWIFT_OPTIMIZATION_LEVEL = "-Onone";
				TARGETED_DEVICE_FAMILY = "1,2";
			};
			name = Debug;
		};
		52CABCBC1DB926660089ADB1 /* Release */ = {
			isa = XCBuildConfiguration;
			buildSettings = {
				ALWAYS_SEARCH_USER_PATHS = NO;
				CLANG_ANALYZER_NONNULL = YES;
				CLANG_CXX_LANGUAGE_STANDARD = "gnu++0x";
				CLANG_CXX_LIBRARY = "libc++";
				CLANG_ENABLE_MODULES = YES;
				CLANG_ENABLE_OBJC_ARC = YES;
				CLANG_WARN_BOOL_CONVERSION = YES;
				CLANG_WARN_CONSTANT_CONVERSION = YES;
				CLANG_WARN_DIRECT_OBJC_ISA_USAGE = YES_ERROR;
				CLANG_WARN_DOCUMENTATION_COMMENTS = YES;
				CLANG_WARN_EMPTY_BODY = YES;
				CLANG_WARN_ENUM_CONVERSION = YES;
				CLANG_WARN_INFINITE_RECURSION = YES;
				CLANG_WARN_INT_CONVERSION = YES;
				CLANG_WARN_OBJC_ROOT_CLASS = YES_ERROR;
				CLANG_WARN_SUSPICIOUS_MOVES = YES;
				CLANG_WARN_UNREACHABLE_CODE = YES;
				CLANG_WARN__DUPLICATE_METHOD_MATCH = YES;
				"CODE_SIGN_IDENTITY[sdk=iphoneos*]" = "iPhone Developer";
				COPY_PHASE_STRIP = NO;
				DEBUG_INFORMATION_FORMAT = "dwarf-with-dsym";
				ENABLE_NS_ASSERTIONS = NO;
				ENABLE_STRICT_OBJC_MSGSEND = YES;
				GCC_C_LANGUAGE_STANDARD = gnu99;
				GCC_NO_COMMON_BLOCKS = YES;
				GCC_WARN_64_TO_32_BIT_CONVERSION = YES;
				GCC_WARN_ABOUT_RETURN_TYPE = YES_ERROR;
				GCC_WARN_UNDECLARED_SELECTOR = YES;
				GCC_WARN_UNINITIALIZED_AUTOS = YES_AGGRESSIVE;
				GCC_WARN_UNUSED_FUNCTION = YES;
				GCC_WARN_UNUSED_VARIABLE = YES;
				IPHONEOS_DEPLOYMENT_TARGET = 10.0;
				MTL_ENABLE_DEBUG_INFO = NO;
				SDKROOT = iphoneos;
				SWIFT_OPTIMIZATION_LEVEL = "-Owholemodule";
				TARGETED_DEVICE_FAMILY = "1,2";
				VALIDATE_PRODUCT = YES;
			};
			name = Release;
		};
		52CABCBE1DB926660089ADB1 /* Debug */ = {
			isa = XCBuildConfiguration;
			buildSettings = {
				ASSETCATALOG_COMPILER_APPICON_NAME = AppIcon;
				INFOPLIST_FILE = "Alignment Programmatically/Info.plist";
				LD_RUNPATH_SEARCH_PATHS = "$(inherited) @executable_path/Frameworks";
				PRODUCT_BUNDLE_IDENTIFIER = "Akhmed-Idigov.Alignment-Programmatically";
				PRODUCT_NAME = "$(TARGET_NAME)";
				SWIFT_VERSION = 3.0;
			};
			name = Debug;
		};
		52CABCBF1DB926660089ADB1 /* Release */ = {
			isa = XCBuildConfiguration;
			buildSettings = {
				ASSETCATALOG_COMPILER_APPICON_NAME = AppIcon;
				INFOPLIST_FILE = "Alignment Programmatically/Info.plist";
				LD_RUNPATH_SEARCH_PATHS = "$(inherited) @executable_path/Frameworks";
				PRODUCT_BUNDLE_IDENTIFIER = "Akhmed-Idigov.Alignment-Programmatically";
				PRODUCT_NAME = "$(TARGET_NAME)";
				SWIFT_VERSION = 3.0;
			};
			name = Release;
		};
/* End XCBuildConfiguration section */

/* Begin XCConfigurationList section */
		52CABCA61DB926660089ADB1 /* Build configuration list for PBXProject "Alignment Programmatically" */ = {
			isa = XCConfigurationList;
			buildConfigurations = (
				52CABCBB1DB926660089ADB1 /* Debug */,
				52CABCBC1DB926660089ADB1 /* Release */,
			);
			defaultConfigurationIsVisible = 0;
			defaultConfigurationName = Release;
		};
		52CABCBD1DB926660089ADB1 /* Build configuration list for PBXNativeTarget "Alignment Programmatically" */ = {
			isa = XCConfigurationList;
			buildConfigurations = (
				52CABCBE1DB926660089ADB1 /* Debug */,
				52CABCBF1DB926660089ADB1 /* Release */,
			);
			defaultConfigurationIsVisible = 0;
		};
/* End XCConfigurationList section */
	};
	rootObject = 52CABCA31DB926660089ADB1 /* Project object */;
}
